
Microsoft Visual Studio Solution File, Format Version 12.00
# Visual Studio Version 17
VisualStudioVersion = 17.7.34003.232
MinimumVisualStudioVersion = 10.0.40219.1
Project("{FAE04EC0-301F-11D3-BF4B-00C04F79EFBC}") = "Prueba", "Prueba\Prueba.csproj", "{ED44B7B4-BAE6-4833-9F15-88909CE0590B}"
EndProject
Project("{FAE04EC0-301F-11D3-BF4B-00C04F79EFBC}") = "ConsoleApp1", "ConsoleApp1\ConsoleApp1.csproj", "{3EDC39D8-FE18-4001-80C6-8041F575C2AB}"
EndProject
Global
	GlobalSection(SolutionConfigurationPlatforms) = preSolution
		Debug|Any CPU = Debug|Any CPU
		Release|Any CPU = Release|Any CPU
	EndGlobalSection
	GlobalSection(ProjectConfigurationPlatforms) = postSolution
		{ED44B7B4-BAE6-4833-9F15-88909CE0590B}.Debug|Any CPU.ActiveCfg = Debug|Any CPU
		{ED44B7B4-BAE6-4833-9F15-88909CE0590B}.Debug|Any CPU.Build.0 = Debug|Any CPU
		{ED44B7B4-BAE6-4833-9F15-88909CE0590B}.Release|Any CPU.ActiveCfg = Release|Any CPU
		{ED44B7B4-BAE6-4833-9F15-88909CE0590B}.Release|Any CPU.Build.0 = Release|Any CPU
		{3EDC39D8-FE18-4001-80C6-8041F575C2AB}.Debug|Any CPU.ActiveCfg = Debug|Any CPU
		{3EDC39D8-FE18-4001-80C6-8041F575C2AB}.Debug|Any CPU.Build.0 = Debug|Any CPU
		{3EDC39D8-FE18-4001-80C6-8041F575C2AB}.Release|Any CPU.ActiveCfg = Release|Any CPU
		{3EDC39D8-FE18-4001-80C6-8041F575C2AB}.Release|Any CPU.Build.0 = Release|Any CPU
	EndGlobalSection
	GlobalSection(SolutionProperties) = preSolution
		HideSolutionNode = FALSE
	EndGlobalSection
	GlobalSection(ExtensibilityGlobals) = postSolution
		SolutionGuid = {D05C658D-8AA3-45B7-89BB-FD6D7E8DDF61}
	EndGlobalSection
EndGlobal
